
Microsoft Visual Studio Solution File, Format Version 12.00
# Visual Studio 15
VisualStudioVersion = 15.0.28307.329
MinimumVisualStudioVersion = 10.0.40219.1
Project("{FAE04EC0-301F-11D3-BF4B-00C04F79EFBC}") = "GigmMobile", "GigmMobile\GigmMobile.csproj", "{AE83ED83-20E9-47F9-8A9C-7317881B5926}"
EndProject
Global
	GlobalSection(SolutionConfigurationPlatforms) = preSolution
		Debug|Any CPU = Debug|Any CPU
		Release|Any CPU = Release|Any CPU
	EndGlobalSection
	GlobalSection(ProjectConfigurationPlatforms) = postSolution
		{AE83ED83-20E9-47F9-8A9C-7317881B5926}.Debug|Any CPU.ActiveCfg = Debug|Any CPU
		{AE83ED83-20E9-47F9-8A9C-7317881B5926}.Debug|Any CPU.Build.0 = Debug|Any CPU
		{AE83ED83-20E9-47F9-8A9C-7317881B5926}.Release|Any CPU.ActiveCfg = Release|Any CPU
		{AE83ED83-20E9-47F9-8A9C-7317881B5926}.Release|Any CPU.Build.0 = Release|Any CPU
	EndGlobalSection
	GlobalSection(SolutionProperties) = preSolution
		HideSolutionNode = FALSE
	EndGlobalSection
	GlobalSection(ExtensibilityGlobals) = postSolution
		SolutionGuid = {69B1F6F2-035D-41E1-9D13-96133532A8BB}
	EndGlobalSection
EndGlobal
